{
  "name": "moj-flask-govuk-skeleton",
  "version": "1.0.0",
  "lockfileVersion": 3,
  "requires": true,
  "packages": {
    "": {
      "name": "moj-flask-govuk-skeleton",
      "version": "1.0.0",
      "license": "ISC",
      "dependencies": {
        "govuk-frontend": "^5.3.1"
      }
    },
    "node_modules/govuk-frontend": {
      "version": "5.3.1",
      "resolved": "https://registry.npmjs.org/govuk-frontend/-/govuk-frontend-5.3.1.tgz",
      "integrity": "sha512-EzegdVdmZVwXUGTQTsBgK4TkMpMyPdOIa2g1kvwX7EeyP9Kah+amXSo97gbiI8N49L6E0J6/2H6qLW4QN3KhMQ==",
      "engines": {
        "node": ">= 4.2.0"
      }
    }
  }
}
