{
  "name": "moj-flask-govuk-skeleton",
  "lockfileVersion": 3,
  "requires": true,
  "packages": {
    "": {
      "dependencies": {
        "govuk-frontend": "^5.7.1"
      },
      "engines": {
        "node": "22.12.0"
      }
    },
    "node_modules/govuk-frontend": {
      "version": "5.7.1",
      "resolved": "https://registry.npmjs.org/govuk-frontend/-/govuk-frontend-5.7.1.tgz",
      "integrity": "sha512-jF1cq5rn57kxZmJRprUZhTQ31zaBBK4b5AyeJaPX3Yhg22lk90Mx/dQLvOk/ycV3wM7e0y+s4IPvb2fFaPlCGg==",
      "engines": {
        "node": ">= 4.2.0"
      }
    }
  }
}
